
Microsoft Visual Studio Solution File, Format Version 12.00
Project("{FAE04EC0-301F-11D3-BF4B-00C04F79EFBC}") = "AVC.Wpf", "AVC.Wpf\AVC.Wpf.csproj", "{5861534A-4E42-44CF-83C3-A5907840FE8F}"
EndProject
Project("{FAE04EC0-301F-11D3-BF4B-00C04F79EFBC}") = "CoreAudio", "CoreAudio\CoreAudio\CoreAudio.csproj", "{5F8D8F5F-1D4F-449F-AB65-294142B43FFC}"
EndProject
Global
	GlobalSection(SolutionConfigurationPlatforms) = preSolution
		Debug|Any CPU = Debug|Any CPU
		Release|Any CPU = Release|Any CPU
	EndGlobalSection
	GlobalSection(ProjectConfigurationPlatforms) = postSolution
		{5861534A-4E42-44CF-83C3-A5907840FE8F}.Debug|Any CPU.ActiveCfg = Debug|Any CPU
		{5861534A-4E42-44CF-83C3-A5907840FE8F}.Debug|Any CPU.Build.0 = Debug|Any CPU
		{5861534A-4E42-44CF-83C3-A5907840FE8F}.Release|Any CPU.ActiveCfg = Release|Any CPU
		{5861534A-4E42-44CF-83C3-A5907840FE8F}.Release|Any CPU.Build.0 = Release|Any CPU
		{5F8D8F5F-1D4F-449F-AB65-294142B43FFC}.Debug|Any CPU.ActiveCfg = Debug|Any CPU
		{5F8D8F5F-1D4F-449F-AB65-294142B43FFC}.Debug|Any CPU.Build.0 = Debug|Any CPU
		{5F8D8F5F-1D4F-449F-AB65-294142B43FFC}.Release|Any CPU.ActiveCfg = Release|Any CPU
		{5F8D8F5F-1D4F-449F-AB65-294142B43FFC}.Release|Any CPU.Build.0 = Release|Any CPU
	EndGlobalSection
	GlobalSection(NestedProjects) = preSolution
	EndGlobalSection
EndGlobal
